
Microsoft Visual Studio Solution File, Format Version 12.00
# Visual Studio 15
VisualStudioVersion = 15.0.27130.2010
MinimumVisualStudioVersion = 10.0.40219.1
Project("{FAE04EC0-301F-11D3-BF4B-00C04F79EFBC}") = "YoutubeApiApp", "YoutubeApi\YoutubeApiApp.csproj", "{814243F1-3F33-4860-8371-98D83E94A3C1}"
EndProject
Global
	GlobalSection(SolutionConfigurationPlatforms) = preSolution
		Debug|Any CPU = Debug|Any CPU
		Release|Any CPU = Release|Any CPU
	EndGlobalSection
	GlobalSection(ProjectConfigurationPlatforms) = postSolution
		{814243F1-3F33-4860-8371-98D83E94A3C1}.Debug|Any CPU.ActiveCfg = Debug|Any CPU
		{814243F1-3F33-4860-8371-98D83E94A3C1}.Debug|Any CPU.Build.0 = Debug|Any CPU
		{814243F1-3F33-4860-8371-98D83E94A3C1}.Release|Any CPU.ActiveCfg = Release|Any CPU
		{814243F1-3F33-4860-8371-98D83E94A3C1}.Release|Any CPU.Build.0 = Release|Any CPU
	EndGlobalSection
	GlobalSection(SolutionProperties) = preSolution
		HideSolutionNode = FALSE
	EndGlobalSection
	GlobalSection(ExtensibilityGlobals) = postSolution
		SolutionGuid = {D988F058-AE3A-4D43-B407-2E7AEDB46016}
	EndGlobalSection
EndGlobal
